// !$*UTF8*$!
{
	archiveVersion = 1;
	classes = {
	};
	objectVersion = 50;
	objects = {

/* Begin PBXBuildFile section */
		F2A889302420144800651E37 /* AppDelegate.m in Sources */ = {isa = PBXBuildFile; fileRef = F2A8892F2420144800651E37 /* AppDelegate.m */; };
		F2A889332420144800651E37 /* SceneDelegate.m in Sources */ = {isa = PBXBuildFile; fileRef = F2A889322420144800651E37 /* SceneDelegate.m */; };
		F2A889362420144800651E37 /* ViewController.m in Sources */ = {isa = PBXBuildFile; fileRef = F2A889352420144800651E37 /* ViewController.m */; };
		F2A889392420144800651E37 /* Main.storyboard in Resources */ = {isa = PBXBuildFile; fileRef = F2A889372420144800651E37 /* Main.storyboard */; };
		F2A8893B2420144A00651E37 /* Assets.xcassets in Resources */ = {isa = PBXBuildFile; fileRef = F2A8893A2420144A00651E37 /* Assets.xcassets */; };
		F2A8893E2420144A00651E37 /* LaunchScreen.storyboard in Resources */ = {isa = PBXBuildFile; fileRef = F2A8893C2420144A00651E37 /* LaunchScreen.storyboard */; };
		F2A889412420144A00651E37 /* main.m in Sources */ = {isa = PBXBuildFile; fileRef = F2A889402420144A00651E37 /* main.m */; };
		F2A8894A2422AE3C00651E37 /* APIConnect.m in Sources */ = {isa = PBXBuildFile; fileRef = F2A889492422AE3C00651E37 /* APIConnect.m */; };
		F2A8894C242927DA00651E37 /* APIDecoder.m in Sources */ = {isa = PBXBuildFile; fileRef = F2A8894B242927DA00651E37 /* APIDecoder.m */; };
		F2A8895424293ABC00651E37 /* MenuMovie.m in Sources */ = {isa = PBXBuildFile; fileRef = F2A8895324293ABC00651E37 /* MenuMovie.m */; };
		F2F951C1242A96B9005ECE0B /* MainMovieCell.m in Sources */ = {isa = PBXBuildFile; fileRef = F2F951C0242A96B9005ECE0B /* MainMovieCell.m */; };
		F2F951C4242BCDE0005ECE0B /* webservice.m in Sources */ = {isa = PBXBuildFile; fileRef = F2F951C3242BCDE0005ECE0B /* webservice.m */; };
/* End PBXBuildFile section */

/* Begin PBXFileReference section */
		F2A8892B2420144800651E37 /* ObjCChallenge.app */ = {isa = PBXFileReference; explicitFileType = wrapper.application; includeInIndex = 0; path = ObjCChallenge.app; sourceTree = BUILT_PRODUCTS_DIR; };
		F2A8892E2420144800651E37 /* AppDelegate.h */ = {isa = PBXFileReference; lastKnownFileType = sourcecode.c.h; path = AppDelegate.h; sourceTree = "<group>"; };
		F2A8892F2420144800651E37 /* AppDelegate.m */ = {isa = PBXFileReference; lastKnownFileType = sourcecode.c.objc; path = AppDelegate.m; sourceTree = "<group>"; };
		F2A889312420144800651E37 /* SceneDelegate.h */ = {isa = PBXFileReference; lastKnownFileType = sourcecode.c.h; path = SceneDelegate.h; sourceTree = "<group>"; };
		F2A889322420144800651E37 /* SceneDelegate.m */ = {isa = PBXFileReference; lastKnownFileType = sourcecode.c.objc; path = SceneDelegate.m; sourceTree = "<group>"; };
		F2A889342420144800651E37 /* ViewController.h */ = {isa = PBXFileReference; lastKnownFileType = sourcecode.c.h; path = ViewController.h; sourceTree = "<group>"; };
		F2A889352420144800651E37 /* ViewController.m */ = {isa = PBXFileReference; lastKnownFileType = sourcecode.c.objc; path = ViewController.m; sourceTree = "<group>"; };
		F2A889382420144800651E37 /* Base */ = {isa = PBXFileReference; lastKnownFileType = file.storyboard; name = Base; path = Base.lproj/Main.storyboard; sourceTree = "<group>"; };
		F2A8893A2420144A00651E37 /* Assets.xcassets */ = {isa = PBXFileReference; lastKnownFileType = folder.assetcatalog; path = Assets.xcassets; sourceTree = "<group>"; };
		F2A8893D2420144A00651E37 /* Base */ = {isa = PBXFileReference; lastKnownFileType = file.storyboard; name = Base; path = Base.lproj/LaunchScreen.storyboard; sourceTree = "<group>"; };
		F2A8893F2420144A00651E37 /* Info.plist */ = {isa = PBXFileReference; lastKnownFileType = text.plist.xml; path = Info.plist; sourceTree = "<group>"; };
		F2A889402420144A00651E37 /* main.m */ = {isa = PBXFileReference; lastKnownFileType = sourcecode.c.objc; path = main.m; sourceTree = "<group>"; };
		F2A889492422AE3C00651E37 /* APIConnect.m */ = {isa = PBXFileReference; lastKnownFileType = sourcecode.c.objc; path = APIConnect.m; sourceTree = "<group>"; };
		F2A8894B242927DA00651E37 /* APIDecoder.m */ = {isa = PBXFileReference; lastKnownFileType = sourcecode.c.objc; path = APIDecoder.m; sourceTree = "<group>"; };
		F2A8895224293ABC00651E37 /* MenuMovie.h */ = {isa = PBXFileReference; lastKnownFileType = sourcecode.c.h; path = MenuMovie.h; sourceTree = "<group>"; };
		F2A8895324293ABC00651E37 /* MenuMovie.m */ = {isa = PBXFileReference; lastKnownFileType = sourcecode.c.objc; path = MenuMovie.m; sourceTree = "<group>"; };
		F2F951BF242A96B9005ECE0B /* MainMovieCell.h */ = {isa = PBXFileReference; lastKnownFileType = sourcecode.c.h; path = MainMovieCell.h; sourceTree = "<group>"; };
		F2F951C0242A96B9005ECE0B /* MainMovieCell.m */ = {isa = PBXFileReference; lastKnownFileType = sourcecode.c.objc; path = MainMovieCell.m; sourceTree = "<group>"; };
		F2F951C2242BCDE0005ECE0B /* webservice.h */ = {isa = PBXFileReference; lastKnownFileType = sourcecode.c.h; path = webservice.h; sourceTree = "<group>"; };
		F2F951C3242BCDE0005ECE0B /* webservice.m */ = {isa = PBXFileReference; lastKnownFileType = sourcecode.c.objc; path = webservice.m; sourceTree = "<group>"; };
/* End PBXFileReference section */

/* Begin PBXFrameworksBuildPhase section */
		F2A889282420144800651E37 /* Frameworks */ = {
			isa = PBXFrameworksBuildPhase;
			buildActionMask = 2147483647;
			files = (
			);
			runOnlyForDeploymentPostprocessing = 0;
		};
/* End PBXFrameworksBuildPhase section */

/* Begin PBXGroup section */
		F2A889222420144800651E37 = {
			isa = PBXGroup;
			children = (
				F2A8894824229B3300651E37 /* API */,
				F2A8892D2420144800651E37 /* ObjCChallenge */,
				F2A8892C2420144800651E37 /* Products */,
			);
			sourceTree = "<group>";
		};
		F2A8892C2420144800651E37 /* Products */ = {
			isa = PBXGroup;
			children = (
				F2A8892B2420144800651E37 /* ObjCChallenge.app */,
			);
			name = Products;
			sourceTree = "<group>";
		};
		F2A8892D2420144800651E37 /* ObjCChallenge */ = {
			isa = PBXGroup;
			children = (
				F2A8892E2420144800651E37 /* AppDelegate.h */,
				F2A8892F2420144800651E37 /* AppDelegate.m */,
				F2A889312420144800651E37 /* SceneDelegate.h */,
				F2A889322420144800651E37 /* SceneDelegate.m */,
				F2A889342420144800651E37 /* ViewController.h */,
				F2A889352420144800651E37 /* ViewController.m */,
				F2A889372420144800651E37 /* Main.storyboard */,
				F2A8893A2420144A00651E37 /* Assets.xcassets */,
				F2A8893C2420144A00651E37 /* LaunchScreen.storyboard */,
				F2A8893F2420144A00651E37 /* Info.plist */,
				F2A889402420144A00651E37 /* main.m */,
				F2A8895224293ABC00651E37 /* MenuMovie.h */,
				F2A8895324293ABC00651E37 /* MenuMovie.m */,
				F2F951BF242A96B9005ECE0B /* MainMovieCell.h */,
				F2F951C0242A96B9005ECE0B /* MainMovieCell.m */,
				F2F951C2242BCDE0005ECE0B /* webservice.h */,
				F2F951C3242BCDE0005ECE0B /* webservice.m */,
			);
			path = ObjCChallenge;
			sourceTree = "<group>";
		};
		F2A8894824229B3300651E37 /* API */ = {
			isa = PBXGroup;
			children = (
				F2A889492422AE3C00651E37 /* APIConnect.m */,
				F2A8894B242927DA00651E37 /* APIDecoder.m */,
			);
			path = API;
			sourceTree = "<group>";
		};
/* End PBXGroup section */

/* Begin PBXNativeTarget section */
		F2A8892A2420144800651E37 /* ObjCChallenge */ = {
			isa = PBXNativeTarget;
			buildConfigurationList = F2A889442420144A00651E37 /* Build configuration list for PBXNativeTarget "ObjCChallenge" */;
			buildPhases = (
				F2A889272420144800651E37 /* Sources */,
				F2A889282420144800651E37 /* Frameworks */,
				F2A889292420144800651E37 /* Resources */,
			);
			buildRules = (
			);
			dependencies = (
			);
			name = ObjCChallenge;
			productName = ObjCChallenge;
			productReference = F2A8892B2420144800651E37 /* ObjCChallenge.app */;
			productType = "com.apple.product-type.application";
		};
/* End PBXNativeTarget section */

/* Begin PBXProject section */
		F2A889232420144800651E37 /* Project object */ = {
			isa = PBXProject;
			attributes = {
				LastUpgradeCheck = 1130;
				ORGANIZATIONNAME = "Lucas Iankowski Corrêa da Silva";
				TargetAttributes = {
					F2A8892A2420144800651E37 = {
						CreatedOnToolsVersion = 11.3;
					};
				};
			};
			buildConfigurationList = F2A889262420144800651E37 /* Build configuration list for PBXProject "ObjCChallenge" */;
			compatibilityVersion = "Xcode 9.3";
			developmentRegion = en;
			hasScannedForEncodings = 0;
			knownRegions = (
				en,
				Base,
			);
			mainGroup = F2A889222420144800651E37;
			productRefGroup = F2A8892C2420144800651E37 /* Products */;
			projectDirPath = "";
			projectRoot = "";
			targets = (
				F2A8892A2420144800651E37 /* ObjCChallenge */,
			);
		};
/* End PBXProject section */

/* Begin PBXResourcesBuildPhase section */
		F2A889292420144800651E37 /* Resources */ = {
			isa = PBXResourcesBuildPhase;
			buildActionMask = 2147483647;
			files = (
				F2A8893E2420144A00651E37 /* LaunchScreen.storyboard in Resources */,
				F2A8893B2420144A00651E37 /* Assets.xcassets in Resources */,
				F2A889392420144800651E37 /* Main.storyboard in Resources */,
			);
			runOnlyForDeploymentPostprocessing = 0;
		};
/* End PBXResourcesBuildPhase section */

/* Begin PBXSourcesBuildPhase section */
		F2A889272420144800651E37 /* Sources */ = {
			isa = PBXSourcesBuildPhase;
			buildActionMask = 2147483647;
			files = (
				F2A889362420144800651E37 /* ViewController.m in Sources */,
				F2A8894C242927DA00651E37 /* APIDecoder.m in Sources */,
				F2A889302420144800651E37 /* AppDelegate.m in Sources */,
				F2A8895424293ABC00651E37 /* MenuMovie.m in Sources */,
				F2A889412420144A00651E37 /* main.m in Sources */,
				F2A889332420144800651E37 /* SceneDelegate.m in Sources */,
				F2A8894A2422AE3C00651E37 /* APIConnect.m in Sources */,
				F2F951C4242BCDE0005ECE0B /* webservice.m in Sources */,
				F2F951C1242A96B9005ECE0B /* MainMovieCell.m in Sources */,
			);
			runOnlyForDeploymentPostprocessing = 0;
		};
/* End PBXSourcesBuildPhase section */

/* Begin PBXVariantGroup section */
		F2A889372420144800651E37 /* Main.storyboard */ = {
			isa = PBXVariantGroup;
			children = (
				F2A889382420144800651E37 /* Base */,
			);
			name = Main.storyboard;
			sourceTree = "<group>";
		};
		F2A8893C2420144A00651E37 /* LaunchScreen.storyboard */ = {
			isa = PBXVariantGroup;
			children = (
				F2A8893D2420144A00651E37 /* Base */,
			);
			name = LaunchScreen.storyboard;
			sourceTree = "<group>";
		};
/* End PBXVariantGroup section */

/* Begin XCBuildConfiguration section */
		F2A889422420144A00651E37 /* Debug */ = {
			isa = XCBuildConfiguration;
			buildSettings = {
				ALWAYS_SEARCH_USER_PATHS = NO;
				CLANG_ANALYZER_NONNULL = YES;
				CLANG_ANALYZER_NUMBER_OBJECT_CONVERSION = YES_AGGRESSIVE;
				CLANG_CXX_LANGUAGE_STANDARD = "gnu++14";
				CLANG_CXX_LIBRARY = "libc++";
				CLANG_ENABLE_MODULES = YES;
				CLANG_ENABLE_OBJC_ARC = YES;
				CLANG_ENABLE_OBJC_WEAK = YES;
				CLANG_WARN_BLOCK_CAPTURE_AUTORELEASING = YES;
				CLANG_WARN_BOOL_CONVERSION = YES;
				CLANG_WARN_COMMA = YES;
				CLANG_WARN_CONSTANT_CONVERSION = YES;
				CLANG_WARN_DEPRECATED_OBJC_IMPLEMENTATIONS = YES;
				CLANG_WARN_DIRECT_OBJC_ISA_USAGE = YES_ERROR;
				CLANG_WARN_DOCUMENTATION_COMMENTS = YES;
				CLANG_WARN_EMPTY_BODY = YES;
				CLANG_WARN_ENUM_CONVERSION = YES;
				CLANG_WARN_INFINITE_RECURSION = YES;
				CLANG_WARN_INT_CONVERSION = YES;
				CLANG_WARN_NON_LITERAL_NULL_CONVERSION = YES;
				CLANG_WARN_OBJC_IMPLICIT_RETAIN_SELF = YES;
				CLANG_WARN_OBJC_LITERAL_CONVERSION = YES;
				CLANG_WARN_OBJC_ROOT_CLASS = YES_ERROR;
				CLANG_WARN_RANGE_LOOP_ANALYSIS = YES;
				CLANG_WARN_STRICT_PROTOTYPES = YES;
				CLANG_WARN_SUSPICIOUS_MOVE = YES;
				CLANG_WARN_UNGUARDED_AVAILABILITY = YES_AGGRESSIVE;
				CLANG_WARN_UNREACHABLE_CODE = YES;
				CLANG_WARN__DUPLICATE_METHOD_MATCH = YES;
				COPY_PHASE_STRIP = NO;
				DEBUG_INFORMATION_FORMAT = dwarf;
				ENABLE_STRICT_OBJC_MSGSEND = YES;
				ENABLE_TESTABILITY = YES;
				GCC_C_LANGUAGE_STANDARD = gnu11;
				GCC_DYNAMIC_NO_PIC = NO;
				GCC_NO_COMMON_BLOCKS = YES;
				GCC_OPTIMIZATION_LEVEL = 0;
				GCC_PREPROCESSOR_DEFINITIONS = (
					"DEBUG=1",
					"$(inherited)",
				);
				GCC_WARN_64_TO_32_BIT_CONVERSION = YES;
				GCC_WARN_ABOUT_RETURN_TYPE = YES_ERROR;
				GCC_WARN_UNDECLARED_SELECTOR = YES;
				GCC_WARN_UNINITIALIZED_AUTOS = YES_AGGRESSIVE;
				GCC_WARN_UNUSED_FUNCTION = YES;
				GCC_WARN_UNUSED_VARIABLE = YES;
				IPHONEOS_DEPLOYMENT_TARGET = 13.2;
				MTL_ENABLE_DEBUG_INFO = INCLUDE_SOURCE;
				MTL_FAST_MATH = YES;
				ONLY_ACTIVE_ARCH = YES;
				SDKROOT = iphoneos;
			};
			name = Debug;
		};
		F2A889432420144A00651E37 /* Release */ = {
			isa = XCBuildConfiguration;
			buildSettings = {
				ALWAYS_SEARCH_USER_PATHS = NO;
				CLANG_ANALYZER_NONNULL = YES;
				CLANG_ANALYZER_NUMBER_OBJECT_CONVERSION = YES_AGGRESSIVE;
				CLANG_CXX_LANGUAGE_STANDARD = "gnu++14";
				CLANG_CXX_LIBRARY = "libc++";
				CLANG_ENABLE_MODULES = YES;
				CLANG_ENABLE_OBJC_ARC = YES;
				CLANG_ENABLE_OBJC_WEAK = YES;
				CLANG_WARN_BLOCK_CAPTURE_AUTORELEASING = YES;
				CLANG_WARN_BOOL_CONVERSION = YES;
				CLANG_WARN_COMMA = YES;
				CLANG_WARN_CONSTANT_CONVERSION = YES;
				CLANG_WARN_DEPRECATED_OBJC_IMPLEMENTATIONS = YES;
				CLANG_WARN_DIRECT_OBJC_ISA_USAGE = YES_ERROR;
				CLANG_WARN_DOCUMENTATION_COMMENTS = YES;
				CLANG_WARN_EMPTY_BODY = YES;
				CLANG_WARN_ENUM_CONVERSION = YES;
				CLANG_WARN_INFINITE_RECURSION = YES;
				CLANG_WARN_INT_CONVERSION = YES;
				CLANG_WARN_NON_LITERAL_NULL_CONVERSION = YES;
				CLANG_WARN_OBJC_IMPLICIT_RETAIN_SELF = YES;
				CLANG_WARN_OBJC_LITERAL_CONVERSION = YES;
				CLANG_WARN_OBJC_ROOT_CLASS = YES_ERROR;
				CLANG_WARN_RANGE_LOOP_ANALYSIS = YES;
				CLANG_WARN_STRICT_PROTOTYPES = YES;
				CLANG_WARN_SUSPICIOUS_MOVE = YES;
				CLANG_WARN_UNGUARDED_AVAILABILITY = YES_AGGRESSIVE;
				CLANG_WARN_UNREACHABLE_CODE = YES;
				CLANG_WARN__DUPLICATE_METHOD_MATCH = YES;
				COPY_PHASE_STRIP = NO;
				DEBUG_INFORMATION_FORMAT = "dwarf-with-dsym";
				ENABLE_NS_ASSERTIONS = NO;
				ENABLE_STRICT_OBJC_MSGSEND = YES;
				GCC_C_LANGUAGE_STANDARD = gnu11;
				GCC_NO_COMMON_BLOCKS = YES;
				GCC_WARN_64_TO_32_BIT_CONVERSION = YES;
				GCC_WARN_ABOUT_RETURN_TYPE = YES_ERROR;
				GCC_WARN_UNDECLARED_SELECTOR = YES;
				GCC_WARN_UNINITIALIZED_AUTOS = YES_AGGRESSIVE;
				GCC_WARN_UNUSED_FUNCTION = YES;
				GCC_WARN_UNUSED_VARIABLE = YES;
				IPHONEOS_DEPLOYMENT_TARGET = 13.2;
				MTL_ENABLE_DEBUG_INFO = NO;
				MTL_FAST_MATH = YES;
				SDKROOT = iphoneos;
				VALIDATE_PRODUCT = YES;
			};
			name = Release;
		};
		F2A889452420144A00651E37 /* Debug */ = {
			isa = XCBuildConfiguration;
			buildSettings = {
				ASSETCATALOG_COMPILER_APPICON_NAME = AppIcon;
				CODE_SIGN_STYLE = Automatic;
				DEVELOPMENT_TEAM = 5LGVPHY8YW;
				INFOPLIST_FILE = ObjCChallenge/Info.plist;
				LD_RUNPATH_SEARCH_PATHS = (
					"$(inherited)",
					"@executable_path/Frameworks",
				);
				PRODUCT_BUNDLE_IDENTIFIER = ObjC.ObjCChallenge;
				PRODUCT_NAME = "$(TARGET_NAME)";
				TARGETED_DEVICE_FAMILY = "1,2";
			};
			name = Debug;
		};
		F2A889462420144A00651E37 /* Release */ = {
			isa = XCBuildConfiguration;
			buildSettings = {
				ASSETCATALOG_COMPILER_APPICON_NAME = AppIcon;
				CODE_SIGN_STYLE = Automatic;
				DEVELOPMENT_TEAM = 5LGVPHY8YW;
				INFOPLIST_FILE = ObjCChallenge/Info.plist;
				LD_RUNPATH_SEARCH_PATHS = (
					"$(inherited)",
					"@executable_path/Frameworks",
				);
				PRODUCT_BUNDLE_IDENTIFIER = ObjC.ObjCChallenge;
				PRODUCT_NAME = "$(TARGET_NAME)";
				TARGETED_DEVICE_FAMILY = "1,2";
			};
			name = Release;
		};
/* End XCBuildConfiguration section */

/* Begin XCConfigurationList section */
		F2A889262420144800651E37 /* Build configuration list for PBXProject "ObjCChallenge" */ = {
			isa = XCConfigurationList;
			buildConfigurations = (
				F2A889422420144A00651E37 /* Debug */,
				F2A889432420144A00651E37 /* Release */,
			);
			defaultConfigurationIsVisible = 0;
			defaultConfigurationName = Release;
		};
		F2A889442420144A00651E37 /* Build configuration list for PBXNativeTarget "ObjCChallenge" */ = {
			isa = XCConfigurationList;
			buildConfigurations = (
				F2A889452420144A00651E37 /* Debug */,
				F2A889462420144A00651E37 /* Release */,
			);
			defaultConfigurationIsVisible = 0;
			defaultConfigurationName = Release;
		};
/* End XCConfigurationList section */
	};
	rootObject = F2A889232420144800651E37 /* Project object */;
}
